# THIS IS AN AUTOGENERATED FILE. DO NOT EDIT THIS FILE DIRECTLY.
# yarn lockfile v1


"@babel/parser@^7.1.0":
  version "7.1.2"
  resolved "https://registry.yarnpkg.com/@babel/parser/-/parser-7.1.2.tgz#85c5c47af6d244fab77bce6b9bd830e38c978409"
  integrity sha512-x5HFsW+E/nQalGMw7hu+fvPqnBeBaIr0lWJ2SG0PPL2j+Pm9lYvCrsZJGIgauPIENx0v10INIyFjmSNUD/gSqQ==
